# THIS IS AN AUTOGENERATED FILE. DO NOT EDIT THIS FILE DIRECTLY.
# yarn lockfile v1


"@types/node@^18.11.4":
  version "18.11.4"
  resolved "https://registry.yarnpkg.com/@types/node/-/node-18.11.4.tgz#7017a52e18dfaad32f55eebd539993014441949c"
  integrity sha512-BxcJpBu8D3kv/GZkx/gSMz6VnTJREBj/4lbzYOQueUOELkt8WrO6zAcSPmp9uRPEW/d+lUO8QK0W2xnS1hEU0A==

"@types/spotify-api@^0.0.19":
  version "0.0.19"
  resolved "https://registry.yarnpkg.com/@types/spotify-api/-/spotify-api-0.0.19.tgz#8788819f199b90ad2784b97390a2d353c7463cb1"
  integrity sha512-tdtxjhZs7w/dN7kpeezRe492kXzWXvilW/1ibNMoM2ymcRwKCrK5exEeBNCZhwZMtG+S2eZMaAaBsnTnqun1PQ==

chalk@^5.1.2:
  version "5.1.2"
  resolved "https://registry.yarnpkg.com/chalk/-/chalk-5.1.2.tgz#d957f370038b75ac572471e83be4c5ca9f8e8c45"
  integrity sha512-E5CkT4jWURs1Vy5qGJye+XwCkNj7Od3Af7CP6SujMetSMkLs8Do2RWJK5yx1wamHV/op8Rz+9rltjaTQWDnEFQ==
